Microsoft Visual Studio Solution File, Format Version 12.00
# Visual Studio Version 17
VisualStudioVersion = 17.8.0.0
MinimumVisualStudioVersion = 17.8.0.0
Project("{9A19103F-16F7-4668-BE54-9A1E7A4F7556}") = "Demoulas.ProfitSharing.AppHost", "src\Demoulas.ProfitSharing.AppHost\Demoulas.ProfitSharing.AppHost.csproj", "{92A3B192-25F3-40C4-94BD-A13779CF0B81}"
EndProject
Project("{9A19103F-16F7-4668-BE54-9A1E7A4F7556}") = "Demoulas.ProfitSharing.ServiceDefaults", "src\Demoulas.ProfitSharing.ServiceDefaults\Demoulas.ProfitSharing.ServiceDefaults.csproj", "{7F0906C7-ED3E-4A74-AC9C-EE2B6F17F1DD}"
EndProject
Project("{2150E333-8FDC-42A3-9474-1A3956D46DE8}") = "Solution Items", "Solution Items", "{D1297442-67BE-4098-A95F-727F04A68FA3}"
	ProjectSection(SolutionItems) = preProject
		..\..\README.md = ..\..\README.md
	EndProjectSection
EndProject
Project("{9A19103F-16F7-4668-BE54-9A1E7A4F7556}") = "Demoulas.ProfitSharing.Api", "src\Demoulas.ProfitSharing.Api\Demoulas.ProfitSharing.Api.csproj", "{D441104E-515B-43CB-A851-AF47008C6E77}"
EndProject
Project("{9A19103F-16F7-4668-BE54-9A1E7A4F7556}") = "Demoulas.ProfitSharing.Endpoints", "src\Demoulas.ProfitSharing.Endpoints\Demoulas.ProfitSharing.Endpoints.csproj", "{376A7BC4-D5E7-4353-ACDE-E245897095C4}"
EndProject
Project("{9A19103F-16F7-4668-BE54-9A1E7A4F7556}") = "Demoulas.ProfitSharing.Data", "src\Demoulas.ProfitSharing.Data\Demoulas.ProfitSharing.Data.csproj", "{F9FECC1D-427B-44D7-BA11-1ED0E752F2CB}"
EndProject
Project("{2150E333-8FDC-42A3-9474-1A3956D46DE8}") = "Tests", "Tests", "{80B088DC-C84B-46AA-BFF3-DC309C5B4325}"
EndProject
Project("{9A19103F-16F7-4668-BE54-9A1E7A4F7556}") = "Demoulas.ProfitSharing.UnitTests", "tests\Demoulas.ProfitSharing.UnitTests\Demoulas.ProfitSharing.UnitTests.csproj", "{D0216F81-E01D-4620-BE4F-D1FF0D28CA01}"
EndProject
Project("{9A19103F-16F7-4668-BE54-9A1E7A4F7556}") = "Demoulas.ProfitSharing.Services", "src\Demoulas.ProfitSharing.Services\Demoulas.ProfitSharing.Services.csproj", "{24F51728-CF8F-44E2-AE66-E932A6C3A1A0}"
EndProject
Project("{2150E333-8FDC-42A3-9474-1A3956D46DE8}") = "Pipelines", "Pipelines", "{E8B4A68D-9AFA-479D-BB49-BD8843E0800C}"
	ProjectSection(SolutionItems) = preProject
		..\..\bitbucket-pipelines.yml = ..\..\bitbucket-pipelines.yml
	EndProjectSection
EndProject
Project("{9A19103F-16F7-4668-BE54-9A1E7A4F7556}") = "Demoulas.ProfitSharing.Common", "src\Demoulas.ProfitSharing.Common\Demoulas.ProfitSharing.Common.csproj", "{B6B0D1E4-9EAC-4656-BC8A-FE517F1D8FEA}"
EndProject
Project("{9A19103F-16F7-4668-BE54-9A1E7A4F7556}") = "Demoulas.ProfitSharing.Client", "src\Demoulas.ProfitSharing.Client\Demoulas.ProfitSharing.Client.csproj", "{85083A70-BCEF-4479-866C-85E6A64D438F}"
EndProject
Project("{2150E333-8FDC-42A3-9474-1A3956D46DE8}") = "Backend", "Backend", "{66B0DDDA-624B-4BF3-A4C7-CAEBC3E3DA62}"
	ProjectSection(SolutionItems) = preProject
		.editorconfig = .editorconfig
		Directory.Build.props = Directory.Build.props
		Directory.Packages.props = Directory.Packages.props
		README.md = README.md
	EndProjectSection
EndProject
Project("{9A19103F-16F7-4668-BE54-9A1E7A4F7556}") = "Demoulas.ProfitSharing.OracleHcm", "src\Demoulas.ProfitSharing.OracleHcm\Demoulas.ProfitSharing.OracleHcm.csproj", "{93F3EDAE-4D3C-4358-97F6-869C4EDA549F}"
EndProject
Project("{2150E333-8FDC-42A3-9474-1A3956D46DE8}") = "CLI", "CLI", "{DD132942-9EAB-4F5C-97B4-439082FB1231}"
EndProject
Project("{9A19103F-16F7-4668-BE54-9A1E7A4F7556}") = "Demoulas.ProfitSharing.OracleHcm.Cli", "src\Demoulas.ProfitSharing.OracleHcm.Cli\Demoulas.ProfitSharing.OracleHcm.Cli.csproj", "{44938E54-C197-4A07-A022-B032F44712A6}"
EndProject
Project("{2150E333-8FDC-42A3-9474-1A3956D46DE8}") = "OracleHcm Services", "OracleHcm Services", "{BFAE45AB-7719-445C-99A2-F9597D24E570}"
EndProject
Project("{9A19103F-16F7-4668-BE54-9A1E7A4F7556}") = "Demoulas.Common.Api", "..\..\..\demoulas.common\src\Demoulas.Common.Api\Demoulas.Common.Api.csproj", "{4F355314-D3D5-45C8-BC45-5A757E28EA6B}"
EndProject
Project("{9A19103F-16F7-4668-BE54-9A1E7A4F7556}") = "Demoulas.Common.Contracts", "..\..\..\demoulas.common\src\Demoulas.Common.Contracts\Demoulas.Common.Contracts.csproj", "{AEE394A2-4007-4D57-ABB2-2E6894FA7C6E}"
EndProject
Project("{2150E333-8FDC-42A3-9474-1A3956D46DE8}") = "Common", "Common", "{2ABC188D-F6FD-4E29-A7A8-926E71821EB4}"
EndProject
Project("{9A19103F-16F7-4668-BE54-9A1E7A4F7556}") = "Demoulas.Security", "..\..\..\demoulas.common\src\Demoulas.Security\Demoulas.Security.csproj", "{C49F4DD5-3573-4404-8359-4BC99E254D28}"
EndProject
Global
	GlobalSection(SolutionConfigurationPlatforms) = preSolution
		Debug|Any CPU = Debug|Any CPU
		Release|Any CPU = Release|Any CPU
		Russ|Any CPU = Russ|Any CPU
	EndGlobalSection
	GlobalSection(ProjectConfigurationPlatforms) = postSolution
		{92A3B192-25F3-40C4-94BD-A13779CF0B81}.Debug|Any CPU.ActiveCfg = Debug|Any CPU
		{92A3B192-25F3-40C4-94BD-A13779CF0B81}.Debug|Any CPU.Build.0 = Debug|Any CPU
		{92A3B192-25F3-40C4-94BD-A13779CF0B81}.Release|Any CPU.ActiveCfg = Release|Any CPU
		{92A3B192-25F3-40C4-94BD-A13779CF0B81}.Release|Any CPU.Build.0 = Release|Any CPU
		{92A3B192-25F3-40C4-94BD-A13779CF0B81}.Russ|Any CPU.ActiveCfg = Russ|Any CPU
		{92A3B192-25F3-40C4-94BD-A13779CF0B81}.Russ|Any CPU.Build.0 = Russ|Any CPU
		{7F0906C7-ED3E-4A74-AC9C-EE2B6F17F1DD}.Debug|Any CPU.ActiveCfg = Debug|Any CPU
		{7F0906C7-ED3E-4A74-AC9C-EE2B6F17F1DD}.Debug|Any CPU.Build.0 = Debug|Any CPU
		{7F0906C7-ED3E-4A74-AC9C-EE2B6F17F1DD}.Release|Any CPU.ActiveCfg = Release|Any CPU
		{7F0906C7-ED3E-4A74-AC9C-EE2B6F17F1DD}.Release|Any CPU.Build.0 = Release|Any CPU
		{7F0906C7-ED3E-4A74-AC9C-EE2B6F17F1DD}.Russ|Any CPU.ActiveCfg = Russ|Any CPU
		{7F0906C7-ED3E-4A74-AC9C-EE2B6F17F1DD}.Russ|Any CPU.Build.0 = Russ|Any CPU
		{D441104E-515B-43CB-A851-AF47008C6E77}.Debug|Any CPU.ActiveCfg = Debug|Any CPU
		{D441104E-515B-43CB-A851-AF47008C6E77}.Debug|Any CPU.Build.0 = Debug|Any CPU
		{D441104E-515B-43CB-A851-AF47008C6E77}.Release|Any CPU.ActiveCfg = Release|Any CPU
		{D441104E-515B-43CB-A851-AF47008C6E77}.Release|Any CPU.Build.0 = Release|Any CPU
		{D441104E-515B-43CB-A851-AF47008C6E77}.Russ|Any CPU.ActiveCfg = Russ|Any CPU
		{D441104E-515B-43CB-A851-AF47008C6E77}.Russ|Any CPU.Build.0 = Russ|Any CPU
		{376A7BC4-D5E7-4353-ACDE-E245897095C4}.Debug|Any CPU.ActiveCfg = Debug|Any CPU
		{376A7BC4-D5E7-4353-ACDE-E245897095C4}.Debug|Any CPU.Build.0 = Debug|Any CPU
		{376A7BC4-D5E7-4353-ACDE-E245897095C4}.Release|Any CPU.ActiveCfg = Release|Any CPU
		{376A7BC4-D5E7-4353-ACDE-E245897095C4}.Release|Any CPU.Build.0 = Release|Any CPU
		{376A7BC4-D5E7-4353-ACDE-E245897095C4}.Russ|Any CPU.ActiveCfg = Russ|Any CPU
		{376A7BC4-D5E7-4353-ACDE-E245897095C4}.Russ|Any CPU.Build.0 = Russ|Any CPU
		{F9FECC1D-427B-44D7-BA11-1ED0E752F2CB}.Debug|Any CPU.ActiveCfg = Debug|Any CPU
		{F9FECC1D-427B-44D7-BA11-1ED0E752F2CB}.Debug|Any CPU.Build.0 = Debug|Any CPU
		{F9FECC1D-427B-44D7-BA11-1ED0E752F2CB}.Release|Any CPU.ActiveCfg = Release|Any CPU
		{F9FECC1D-427B-44D7-BA11-1ED0E752F2CB}.Release|Any CPU.Build.0 = Release|Any CPU
		{F9FECC1D-427B-44D7-BA11-1ED0E752F2CB}.Russ|Any CPU.ActiveCfg = Russ|Any CPU
		{F9FECC1D-427B-44D7-BA11-1ED0E752F2CB}.Russ|Any CPU.Build.0 = Russ|Any CPU
		{D0216F81-E01D-4620-BE4F-D1FF0D28CA01}.Debug|Any CPU.ActiveCfg = Debug|Any CPU
		{D0216F81-E01D-4620-BE4F-D1FF0D28CA01}.Debug|Any CPU.Build.0 = Debug|Any CPU
		{D0216F81-E01D-4620-BE4F-D1FF0D28CA01}.Release|Any CPU.ActiveCfg = Release|Any CPU
		{D0216F81-E01D-4620-BE4F-D1FF0D28CA01}.Release|Any CPU.Build.0 = Release|Any CPU
		{D0216F81-E01D-4620-BE4F-D1FF0D28CA01}.Russ|Any CPU.ActiveCfg = Russ|Any CPU
		{D0216F81-E01D-4620-BE4F-D1FF0D28CA01}.Russ|Any CPU.Build.0 = Russ|Any CPU
		{24F51728-CF8F-44E2-AE66-E932A6C3A1A0}.Debug|Any CPU.ActiveCfg = Debug|Any CPU
		{24F51728-CF8F-44E2-AE66-E932A6C3A1A0}.Debug|Any CPU.Build.0 = Debug|Any CPU
		{24F51728-CF8F-44E2-AE66-E932A6C3A1A0}.Release|Any CPU.ActiveCfg = Release|Any CPU
		{24F51728-CF8F-44E2-AE66-E932A6C3A1A0}.Release|Any CPU.Build.0 = Release|Any CPU
		{24F51728-CF8F-44E2-AE66-E932A6C3A1A0}.Russ|Any CPU.ActiveCfg = Russ|Any CPU
		{24F51728-CF8F-44E2-AE66-E932A6C3A1A0}.Russ|Any CPU.Build.0 = Russ|Any CPU
		{B6B0D1E4-9EAC-4656-BC8A-FE517F1D8FEA}.Debug|Any CPU.ActiveCfg = Debug|Any CPU
		{B6B0D1E4-9EAC-4656-BC8A-FE517F1D8FEA}.Debug|Any CPU.Build.0 = Debug|Any CPU
		{B6B0D1E4-9EAC-4656-BC8A-FE517F1D8FEA}.Release|Any CPU.ActiveCfg = Release|Any CPU
		{B6B0D1E4-9EAC-4656-BC8A-FE517F1D8FEA}.Release|Any CPU.Build.0 = Release|Any CPU
		{B6B0D1E4-9EAC-4656-BC8A-FE517F1D8FEA}.Russ|Any CPU.ActiveCfg = Russ|Any CPU
		{B6B0D1E4-9EAC-4656-BC8A-FE517F1D8FEA}.Russ|Any CPU.Build.0 = Russ|Any CPU
		{85083A70-BCEF-4479-866C-85E6A64D438F}.Debug|Any CPU.ActiveCfg = Debug|Any CPU
		{85083A70-BCEF-4479-866C-85E6A64D438F}.Debug|Any CPU.Build.0 = Debug|Any CPU
		{85083A70-BCEF-4479-866C-85E6A64D438F}.Release|Any CPU.ActiveCfg = Release|Any CPU
		{85083A70-BCEF-4479-866C-85E6A64D438F}.Release|Any CPU.Build.0 = Release|Any CPU
		{85083A70-BCEF-4479-866C-85E6A64D438F}.Russ|Any CPU.ActiveCfg = Russ|Any CPU
		{85083A70-BCEF-4479-866C-85E6A64D438F}.Russ|Any CPU.Build.0 = Russ|Any CPU
		{93F3EDAE-4D3C-4358-97F6-869C4EDA549F}.Debug|Any CPU.ActiveCfg = Debug|Any CPU
		{93F3EDAE-4D3C-4358-97F6-869C4EDA549F}.Debug|Any CPU.Build.0 = Debug|Any CPU
		{93F3EDAE-4D3C-4358-97F6-869C4EDA549F}.Release|Any CPU.ActiveCfg = Release|Any CPU
		{93F3EDAE-4D3C-4358-97F6-869C4EDA549F}.Release|Any CPU.Build.0 = Release|Any CPU
		{93F3EDAE-4D3C-4358-97F6-869C4EDA549F}.Russ|Any CPU.ActiveCfg = Russ|Any CPU
		{93F3EDAE-4D3C-4358-97F6-869C4EDA549F}.Russ|Any CPU.Build.0 = Russ|Any CPU
		{44938E54-C197-4A07-A022-B032F44712A6}.Debug|Any CPU.ActiveCfg = Debug|Any CPU
		{44938E54-C197-4A07-A022-B032F44712A6}.Debug|Any CPU.Build.0 = Debug|Any CPU
		{44938E54-C197-4A07-A022-B032F44712A6}.Release|Any CPU.ActiveCfg = Release|Any CPU
		{44938E54-C197-4A07-A022-B032F44712A6}.Release|Any CPU.Build.0 = Release|Any CPU
		{44938E54-C197-4A07-A022-B032F44712A6}.Russ|Any CPU.ActiveCfg = Russ|Any CPU
		{44938E54-C197-4A07-A022-B032F44712A6}.Russ|Any CPU.Build.0 = Russ|Any CPU
		{4F355314-D3D5-45C8-BC45-5A757E28EA6B}.Debug|Any CPU.ActiveCfg = Debug|Any CPU
		{4F355314-D3D5-45C8-BC45-5A757E28EA6B}.Debug|Any CPU.Build.0 = Debug|Any CPU
		{4F355314-D3D5-45C8-BC45-5A757E28EA6B}.Release|Any CPU.ActiveCfg = Release|Any CPU
		{4F355314-D3D5-45C8-BC45-5A757E28EA6B}.Release|Any CPU.Build.0 = Release|Any CPU
		{4F355314-D3D5-45C8-BC45-5A757E28EA6B}.Russ|Any CPU.ActiveCfg = Release|Any CPU
		{4F355314-D3D5-45C8-BC45-5A757E28EA6B}.Russ|Any CPU.Build.0 = Release|Any CPU
		{AEE394A2-4007-4D57-ABB2-2E6894FA7C6E}.Debug|Any CPU.ActiveCfg = Debug|Any CPU
		{AEE394A2-4007-4D57-ABB2-2E6894FA7C6E}.Debug|Any CPU.Build.0 = Debug|Any CPU
		{AEE394A2-4007-4D57-ABB2-2E6894FA7C6E}.Release|Any CPU.ActiveCfg = Release|Any CPU
		{AEE394A2-4007-4D57-ABB2-2E6894FA7C6E}.Release|Any CPU.Build.0 = Release|Any CPU
		{AEE394A2-4007-4D57-ABB2-2E6894FA7C6E}.Russ|Any CPU.ActiveCfg = Release|Any CPU
		{AEE394A2-4007-4D57-ABB2-2E6894FA7C6E}.Russ|Any CPU.Build.0 = Release|Any CPU
		{C49F4DD5-3573-4404-8359-4BC99E254D28}.Debug|Any CPU.ActiveCfg = Debug|Any CPU
		{C49F4DD5-3573-4404-8359-4BC99E254D28}.Debug|Any CPU.Build.0 = Debug|Any CPU
		{C49F4DD5-3573-4404-8359-4BC99E254D28}.Release|Any CPU.ActiveCfg = Release|Any CPU
		{C49F4DD5-3573-4404-8359-4BC99E254D28}.Release|Any CPU.Build.0 = Release|Any CPU
		{C49F4DD5-3573-4404-8359-4BC99E254D28}.Russ|Any CPU.ActiveCfg = Release|Any CPU
		{C49F4DD5-3573-4404-8359-4BC99E254D28}.Russ|Any CPU.Build.0 = Release|Any CPU
	EndGlobalSection
	GlobalSection(SolutionProperties) = preSolution
		HideSolutionNode = FALSE
	EndGlobalSection
	GlobalSection(NestedProjects) = preSolution
		{D0216F81-E01D-4620-BE4F-D1FF0D28CA01} = {80B088DC-C84B-46AA-BFF3-DC309C5B4325}
		{66B0DDDA-624B-4BF3-A4C7-CAEBC3E3DA62} = {D1297442-67BE-4098-A95F-727F04A68FA3}
		{93F3EDAE-4D3C-4358-97F6-869C4EDA549F} = {BFAE45AB-7719-445C-99A2-F9597D24E570}
		{44938E54-C197-4A07-A022-B032F44712A6} = {DD132942-9EAB-4F5C-97B4-439082FB1231}
		{4F355314-D3D5-45C8-BC45-5A757E28EA6B} = {2ABC188D-F6FD-4E29-A7A8-926E71821EB4}
		{AEE394A2-4007-4D57-ABB2-2E6894FA7C6E} = {2ABC188D-F6FD-4E29-A7A8-926E71821EB4}
		{C49F4DD5-3573-4404-8359-4BC99E254D28} = {2ABC188D-F6FD-4E29-A7A8-926E71821EB4}
	EndGlobalSection
	GlobalSection(ExtensibilityGlobals) = postSolution
		SolutionGuid = {FB1CB19A-BE8B-4F91-9186-FE7C9F3CE4D7}
	EndGlobalSection
EndGlobal
