
Microsoft Visual Studio Solution File, Format Version 12.00
# Visual Studio Version 17
VisualStudioVersion = 17.13.2.0
MinimumVisualStudioVersion = 17.13.0.0
Project("{9A19103F-16F7-4668-BE54-9A1E7A4F7556}") = "Demoulas.ProfitSharing.AppHost", "src\Demoulas.ProfitSharing.AppHost\Demoulas.ProfitSharing.AppHost.csproj", "{92A3B192-25F3-40C4-94BD-A13779CF0B81}"
EndProject
Project("{2150E333-8FDC-42A3-9474-1A3956D46DE8}") = "Solution Items", "Solution Items", "{D1297442-67BE-4098-A95F-727F04A68FA3}"
	ProjectSection(SolutionItems) = preProject
		..\..\README.md = ..\..\README.md
	EndProjectSection
EndProject
Project("{9A19103F-16F7-4668-BE54-9A1E7A4F7556}") = "Demoulas.ProfitSharing.Api", "src\Demoulas.ProfitSharing.Api\Demoulas.ProfitSharing.Api.csproj", "{D441104E-515B-43CB-A851-AF47008C6E77}"
EndProject
Project("{9A19103F-16F7-4668-BE54-9A1E7A4F7556}") = "Demoulas.ProfitSharing.Endpoints", "src\Demoulas.ProfitSharing.Endpoints\Demoulas.ProfitSharing.Endpoints.csproj", "{376A7BC4-D5E7-4353-ACDE-E245897095C4}"
EndProject
Project("{9A19103F-16F7-4668-BE54-9A1E7A4F7556}") = "Demoulas.ProfitSharing.Data", "src\Demoulas.ProfitSharing.Data\Demoulas.ProfitSharing.Data.csproj", "{F9FECC1D-427B-44D7-BA11-1ED0E752F2CB}"
EndProject
Project("{2150E333-8FDC-42A3-9474-1A3956D46DE8}") = "Tests", "Tests", "{80B088DC-C84B-46AA-BFF3-DC309C5B4325}"
EndProject
Project("{9A19103F-16F7-4668-BE54-9A1E7A4F7556}") = "Demoulas.ProfitSharing.UnitTests", "tests\Demoulas.ProfitSharing.UnitTests\Demoulas.ProfitSharing.UnitTests.csproj", "{D0216F81-E01D-4620-BE4F-D1FF0D28CA01}"
EndProject
Project("{9A19103F-16F7-4668-BE54-9A1E7A4F7556}") = "Demoulas.ProfitSharing.Services", "src\Demoulas.ProfitSharing.Services\Demoulas.ProfitSharing.Services.csproj", "{24F51728-CF8F-44E2-AE66-E932A6C3A1A0}"
EndProject
Project("{2150E333-8FDC-42A3-9474-1A3956D46DE8}") = "Pipelines", "Pipelines", "{E8B4A68D-9AFA-479D-BB49-BD8843E0800C}"
	ProjectSection(SolutionItems) = preProject
		..\..\bitbucket-pipelines.yml = ..\..\bitbucket-pipelines.yml
		..\..\scripts\Check-Health.ps1 = ..\..\scripts\Check-Health.ps1
		..\..\scripts\credsettings.ps1 = ..\..\scripts\credsettings.ps1
		..\..\scripts\servicesDeploy.ps1 = ..\..\scripts\servicesDeploy.ps1
		..\..\scripts\webDeploy.ps1 = ..\..\scripts\webDeploy.ps1
	EndProjectSection
EndProject
Project("{9A19103F-16F7-4668-BE54-9A1E7A4F7556}") = "Demoulas.ProfitSharing.Common", "src\Demoulas.ProfitSharing.Common\Demoulas.ProfitSharing.Common.csproj", "{B6B0D1E4-9EAC-4656-BC8A-FE517F1D8FEA}"
EndProject
Project("{2150E333-8FDC-42A3-9474-1A3956D46DE8}") = "Backend", "Backend", "{66B0DDDA-624B-4BF3-A4C7-CAEBC3E3DA62}"
	ProjectSection(SolutionItems) = preProject
		.editorconfig = .editorconfig
		Directory.Build.props = Directory.Build.props
		Directory.Packages.props = Directory.Packages.props
		global.json = global.json
		README.md = README.md
	EndProjectSection
EndProject
Project("{9A19103F-16F7-4668-BE54-9A1E7A4F7556}") = "Demoulas.ProfitSharing.OracleHcm", "src\Demoulas.ProfitSharing.OracleHcm\Demoulas.ProfitSharing.OracleHcm.csproj", "{93F3EDAE-4D3C-4358-97F6-869C4EDA549F}"
EndProject
Project("{9A19103F-16F7-4668-BE54-9A1E7A4F7556}") = "Demoulas.ProfitSharing.Security", "src\Demoulas.ProfitSharing.Security\Demoulas.ProfitSharing.Security.csproj", "{2376B169-4E82-463C-8EF3-3EE4AF7E195C}"
EndProject
Project("{2150E333-8FDC-42A3-9474-1A3956D46DE8}") = "Database", "Database", "{946306F4-A7A7-40C5-A4EA-D32A46E09328}"
EndProject
Project("{2150E333-8FDC-42A3-9474-1A3956D46DE8}") = "Obfuscation", "Obfuscation", "{FDE7E8B7-3735-42D6-BF0E-B4FB1BF0FA86}"
EndProject
Project("{2150E333-8FDC-42A3-9474-1A3956D46DE8}") = "scripts", "scripts", "{57F488D4-7A41-4A7F-ABEF-4B1437B5B5A6}"
	ProjectSection(SolutionItems) = preProject
		..\database\obfuscation\scripts\CHANGELOG.txt = ..\database\obfuscation\scripts\CHANGELOG.txt
		..\database\obfuscation\scripts\check_psn_orphans.sql = ..\database\obfuscation\scripts\check_psn_orphans.sql
		..\database\obfuscation\scripts\create_employee_obf_table.sql = ..\database\obfuscation\scripts\create_employee_obf_table.sql
		..\database\obfuscation\scripts\create_indexes.sql = ..\database\obfuscation\scripts\create_indexes.sql
		..\database\obfuscation\scripts\create_key_lookup_tables.sql = ..\database\obfuscation\scripts\create_key_lookup_tables.sql
		..\database\obfuscation\scripts\create_log_table.sql = ..\database\obfuscation\scripts\create_log_table.sql
		..\database\obfuscation\scripts\create_task_tables.sql = ..\database\obfuscation\scripts\create_task_tables.sql
		..\database\obfuscation\scripts\delete_audit_data.sql = ..\database\obfuscation\scripts\delete_audit_data.sql
		..\database\obfuscation\scripts\delete_employees_data.sql = ..\database\obfuscation\scripts\delete_employees_data.sql
		..\database\obfuscation\scripts\delete_framework_data.sql = ..\database\obfuscation\scripts\delete_framework_data.sql
		..\database\obfuscation\scripts\delete_orphan_records.sql = ..\database\obfuscation\scripts\delete_orphan_records.sql
		..\database\obfuscation\scripts\fill_profit_detail_psns_table.sql = ..\database\obfuscation\scripts\fill_profit_detail_psns_table.sql
		..\database\obfuscation\scripts\fill_profit_ss_detail_psns_table.sql = ..\database\obfuscation\scripts\fill_profit_ss_detail_psns_table.sql
		..\database\obfuscation\scripts\fill_psn_orphan_tables.sql = ..\database\obfuscation\scripts\fill_psn_orphan_tables.sql
		..\database\obfuscation\scripts\fill_psn_task_tables.sql = ..\database\obfuscation\scripts\fill_psn_task_tables.sql
		..\database\obfuscation\scripts\fill_ssn_psn_lookup_tables.sql = ..\database\obfuscation\scripts\fill_ssn_psn_lookup_tables.sql
		..\database\obfuscation\scripts\fill_ssn_task_tables_ben.sql = ..\database\obfuscation\scripts\fill_ssn_task_tables_ben.sql
		..\database\obfuscation\scripts\fill_ssn_task_tables_emp.sql = ..\database\obfuscation\scripts\fill_ssn_task_tables_emp.sql
		..\database\obfuscation\scripts\fill_store_tables.sql = ..\database\obfuscation\scripts\fill_store_tables.sql
		..\database\obfuscation\scripts\functions_core.sql = ..\database\obfuscation\scripts\functions_core.sql
		..\database\obfuscation\scripts\functions_fill_task_tables.sql = ..\database\obfuscation\scripts\functions_fill_task_tables.sql
		..\database\obfuscation\scripts\functions_random.sql = ..\database\obfuscation\scripts\functions_random.sql
		..\database\obfuscation\scripts\obfuscate_beneficiaries.sql = ..\database\obfuscation\scripts\obfuscate_beneficiaries.sql
		..\database\obfuscation\scripts\obfuscate_beneficiary_psns.sql = ..\database\obfuscation\scripts\obfuscate_beneficiary_psns.sql
		..\database\obfuscation\scripts\obfuscate_beneficiary_ssns.sql = ..\database\obfuscation\scripts\obfuscate_beneficiary_ssns.sql
		..\database\obfuscation\scripts\obfuscate_employees.sql = ..\database\obfuscation\scripts\obfuscate_employees.sql
		..\database\obfuscation\scripts\obfuscate_employee_psns.sql = ..\database\obfuscation\scripts\obfuscate_employee_psns.sql
		..\database\obfuscation\scripts\obfuscate_employee_ssns.sql = ..\database\obfuscation\scripts\obfuscate_employee_ssns.sql
		..\database\obfuscation\scripts\obfuscate_emp_distribution_state.sql = ..\database\obfuscation\scripts\obfuscate_emp_distribution_state.sql
		..\database\obfuscation\scripts\obfuscate_master.sql = ..\database\obfuscation\scripts\obfuscate_master.sql
		..\database\obfuscation\scripts\obfuscate_other_fields.sql = ..\database\obfuscation\scripts\obfuscate_other_fields.sql
		..\database\obfuscation\scripts\obfuscate_start_run.sql = ..\database\obfuscation\scripts\obfuscate_start_run.sql
		..\database\obfuscation\scripts\obfuscate_validation.sql = ..\database\obfuscation\scripts\obfuscate_validation.sql
		..\database\obfuscation\scripts\obfuscation_setup.sql = ..\database\obfuscation\scripts\obfuscation_setup.sql
		..\database\obfuscation\scripts\reset_sequences.sql = ..\database\obfuscation\scripts\reset_sequences.sql
		..\database\ready_import\SQL update comment types.sql = ..\database\ready_import\SQL update comment types.sql
		..\database\obfuscation\scripts\target_build_ben_lookups.sql = ..\database\obfuscation\scripts\target_build_ben_lookups.sql
		..\database\obfuscation\scripts\target_build_emp_lookups.sql = ..\database\obfuscation\scripts\target_build_emp_lookups.sql
		..\database\obfuscation\scripts\target_delete_checks.sql = ..\database\obfuscation\scripts\target_delete_checks.sql
		..\database\obfuscation\scripts\target_delete_details.sql = ..\database\obfuscation\scripts\target_delete_details.sql
		..\database\obfuscation\scripts\target_delete_others.sql = ..\database\obfuscation\scripts\target_delete_others.sql
		..\database\obfuscation\scripts\target_master.sql = ..\database\obfuscation\scripts\target_master.sql
		..\database\obfuscation\scripts\target_report.sql = ..\database\obfuscation\scripts\target_report.sql
		..\database\obfuscation\scripts\target_seed_all.sql = ..\database\obfuscation\scripts\target_seed_all.sql
		..\database\obfuscation\scripts\target_setup.sql = ..\database\obfuscation\scripts\target_setup.sql
		..\database\obfuscation\scripts\test_bulk_data_create.sql = ..\database\obfuscation\scripts\test_bulk_data_create.sql
		..\database\obfuscation\scripts\test_create_data.sql = ..\database\obfuscation\scripts\test_create_data.sql
		..\database\obfuscation\scripts\test_insert_orphan_records.sql = ..\database\obfuscation\scripts\test_insert_orphan_records.sql
		..\database\obfuscation\scripts\test_load_emp_ssns.sql = ..\database\obfuscation\scripts\test_load_emp_ssns.sql
		..\database\obfuscation\scripts\test_view_data.sql = ..\database\obfuscation\scripts\test_view_data.sql
	EndProjectSection
EndProject
Project("{9A19103F-16F7-4668-BE54-9A1E7A4F7556}") = "Demoulas.ProfitSharing.IntegrationTests", "tests\Demoulas.ProfitSharing.IntegrationTests\Demoulas.ProfitSharing.IntegrationTests.csproj", "{222677DF-CAD3-4E03-A1A1-C213DFD0DAA0}"
EndProject
Project("{2150E333-8FDC-42A3-9474-1A3956D46DE8}") = "SQL calculations view", "SQL calculations view", "{522242E2-FC59-49E9-9628-6E9B6AEEAF6F}"
	ProjectSection(SolutionItems) = preProject
		..\database\SQL calculations view\SQL READY Profit Sharing view creation for calculations includes bene and zeroc-check.sql = ..\database\SQL calculations view\SQL READY Profit Sharing view creation for calculations includes bene and zeroc-check.sql
		..\database\SQL calculations view\SQL SMART Profit Sharing view creation for calculations includes bene and zeroc-check.sql = ..\database\SQL calculations view\SQL SMART Profit Sharing view creation for calculations includes bene and zeroc-check.sql
		..\database\SQL calculations view\SQL SMART vs READY SQL comparison of vesting balance.sql = ..\database\SQL calculations view\SQL SMART vs READY SQL comparison of vesting balance.sql
		..\database\SQL calculations view\SMART vested_percent view.sql = ..\database\SQL calculations view\SMART vested_percent view.sql
		..\database\SQL calculations view\READY pscalcview2 view.sql = ..\database\SQL calculations view\READY pscalcview2 view.sql
		..\database\SQL calculations view\READY vested_percent view.sql = ..\database\SQL calculations view\READY vested_percent view.sql
		..\database\SQL calculations view\READY transaction_totals view.sql = ..\database\SQL calculations view\READY transaction_totals view.sql
		..\database\SQL calculations view\SMART pscalcview2 view.sql = ..\database\SQL calculations view\SMART pscalcview2 view.sql
		..\database\SQL calculations view\SMART transaction_totals view.sql = ..\database\SQL calculations view\SMART transaction_totals view.sql
	EndProjectSection
EndProject
Project("{2150E333-8FDC-42A3-9474-1A3956D46DE8}") = "ddl", "ddl", "{15C6083C-777D-42C6-A1A7-5F4008345118}"
	ProjectSection(SolutionItems) = preProject
		..\database\ddl\ddl.sql = ..\database\ddl\ddl.sql
		..\database\ddl\profit_sharing_ddl.png = ..\database\ddl\profit_sharing_ddl.png
	EndProjectSection
EndProject
Project("{9A19103F-16F7-4668-BE54-9A1E7A4F7556}") = "Demoulas.ProfitSharing.Data.Cli", "src\Demoulas.ProfitSharing.Data.Cli\Demoulas.ProfitSharing.Data.Cli.csproj", "{4A1F269F-574D-4FBC-8EFD-63D8CF871704}"
EndProject
Project("{2150E333-8FDC-42A3-9474-1A3956D46DE8}") = "ready import", "ready import", "{10F3A928-8DEB-4366-AAC4-F508D3E67C11}"
	ProjectSection(SolutionItems) = preProject
		..\database\ready_import\Import Validations.sql = ..\database\ready_import\Import Validations.sql
		..\database\ready_import\Readme.txt = ..\database\ready_import\Readme.txt
		..\database\ready_import\SQL copy all from ready to smart ps.sql = ..\database\ready_import\SQL copy all from ready to smart ps.sql
		..\database\ready_import\SQL counts smart vs ready.sql = ..\database\ready_import\SQL counts smart vs ready.sql
	EndProjectSection
EndProject
Project("{2150E333-8FDC-42A3-9474-1A3956D46DE8}") = "Background Services", "Background Services", "{90876D49-395F-40FE-86C6-08DCCF9DBEBC}"
EndProject
Project("{FAE04EC0-301F-11D3-BF4B-00C04F79EFBC}") = "Demoulas.ProfitSharing.Services.Caching", "src\Demoulas.ProfitSharing.CachingServices\Demoulas.ProfitSharing.Services.Caching.csproj", "{EAC95500-CDE1-4AD4-9F69-F07CFDB4B60C}"
EndProject
Project("{FAE04EC0-301F-11D3-BF4B-00C04F79EFBC}") = "Demoulas.ProfitSharing.EmployeeDelta.Sync", "src\Demoulas.ProfitSharing.EmployeeDelta.Sync\Demoulas.ProfitSharing.EmployeeDelta.Sync.csproj", "{8E7C7233-DF2C-4319-8BA2-5B32B14C91A2}"
EndProject
Project("{FAE04EC0-301F-11D3-BF4B-00C04F79EFBC}") = "Demoulas.ProfitSharing.EmployeeFull.Sync", "src\Demoulas.ProfitSharing.EmployeeFull.Sync\Demoulas.ProfitSharing.EmployeeFull.Sync.csproj", "{1DE23C20-0E31-4953-A679-5BA58A8040D0}"
EndProject
Project("{FAE04EC0-301F-11D3-BF4B-00C04F79EFBC}") = "Demoulas.ProfitSharing.EmployeePayroll.Sync", "src\Demoulas.ProfitSharing.EmployeePayroll.Sync\Demoulas.ProfitSharing.EmployeePayroll.Sync.csproj", "{C3C2C269-E745-433A-8425-845B4D5EEF07}"
EndProject
Project("{2150E333-8FDC-42A3-9474-1A3956D46DE8}") = "Deployment Configuration Files", "Deployment Configuration Files", "{D5AF5CF4-D69A-4989-BE5B-86BF4E705EF1}"
	ProjectSection(SolutionItems) = preProject
		configuration\credsettings.json = configuration\credsettings.json
	EndProjectSection
EndProject
Project("{FAE04EC0-301F-11D3-BF4B-00C04F79EFBC}") = "Demoulas.ProfitSharing.UnitTests.Common", "tests\Demoulas.ProfitSharing.UnitTests.Common\Demoulas.ProfitSharing.UnitTests.Common.csproj", "{2845B5C5-E155-451F-860C-0FD28B7399EF}"
EndProject
Project("{2150E333-8FDC-42A3-9474-1A3956D46DE8}") = "Analyzer", "Analyzer", "{A04653BD-4B5A-4172-B728-EA2DACB19B88}"
EndProject
Project("{FAE04EC0-301F-11D3-BF4B-00C04F79EFBC}") = "Demoulas.ProfitSharing.Analyzers", "src\Demoulas.ProfitSharing.Analyzers\Demoulas.ProfitSharing.Analyzers.csproj", "{1E08E50A-557B-4D12-86C5-AD83AE714564}"
EndProject
Global
	GlobalSection(SolutionConfigurationPlatforms) = preSolution
		Debug|Any CPU = Debug|Any CPU
		Release|Any CPU = Release|Any CPU
	EndGlobalSection
	GlobalSection(ProjectConfigurationPlatforms) = postSolution
		{92A3B192-25F3-40C4-94BD-A13779CF0B81}.Debug|Any CPU.ActiveCfg = Debug|Any CPU
		{92A3B192-25F3-40C4-94BD-A13779CF0B81}.Debug|Any CPU.Build.0 = Debug|Any CPU
		{92A3B192-25F3-40C4-94BD-A13779CF0B81}.Release|Any CPU.ActiveCfg = Release|Any CPU
		{92A3B192-25F3-40C4-94BD-A13779CF0B81}.Release|Any CPU.Build.0 = Release|Any CPU
		{D441104E-515B-43CB-A851-AF47008C6E77}.Debug|Any CPU.ActiveCfg = Debug|Any CPU
		{D441104E-515B-43CB-A851-AF47008C6E77}.Debug|Any CPU.Build.0 = Debug|Any CPU
		{D441104E-515B-43CB-A851-AF47008C6E77}.Release|Any CPU.ActiveCfg = Release|Any CPU
		{D441104E-515B-43CB-A851-AF47008C6E77}.Release|Any CPU.Build.0 = Release|Any CPU
		{376A7BC4-D5E7-4353-ACDE-E245897095C4}.Debug|Any CPU.ActiveCfg = Debug|Any CPU
		{376A7BC4-D5E7-4353-ACDE-E245897095C4}.Debug|Any CPU.Build.0 = Debug|Any CPU
		{376A7BC4-D5E7-4353-ACDE-E245897095C4}.Release|Any CPU.ActiveCfg = Release|Any CPU
		{376A7BC4-D5E7-4353-ACDE-E245897095C4}.Release|Any CPU.Build.0 = Release|Any CPU
		{F9FECC1D-427B-44D7-BA11-1ED0E752F2CB}.Debug|Any CPU.ActiveCfg = Debug|Any CPU
		{F9FECC1D-427B-44D7-BA11-1ED0E752F2CB}.Debug|Any CPU.Build.0 = Debug|Any CPU
		{F9FECC1D-427B-44D7-BA11-1ED0E752F2CB}.Release|Any CPU.ActiveCfg = Release|Any CPU
		{F9FECC1D-427B-44D7-BA11-1ED0E752F2CB}.Release|Any CPU.Build.0 = Release|Any CPU
		{D0216F81-E01D-4620-BE4F-D1FF0D28CA01}.Debug|Any CPU.ActiveCfg = Debug|Any CPU
		{D0216F81-E01D-4620-BE4F-D1FF0D28CA01}.Debug|Any CPU.Build.0 = Debug|Any CPU
		{D0216F81-E01D-4620-BE4F-D1FF0D28CA01}.Release|Any CPU.ActiveCfg = Release|Any CPU
		{D0216F81-E01D-4620-BE4F-D1FF0D28CA01}.Release|Any CPU.Build.0 = Release|Any CPU
		{24F51728-CF8F-44E2-AE66-E932A6C3A1A0}.Debug|Any CPU.ActiveCfg = Debug|Any CPU
		{24F51728-CF8F-44E2-AE66-E932A6C3A1A0}.Debug|Any CPU.Build.0 = Debug|Any CPU
		{24F51728-CF8F-44E2-AE66-E932A6C3A1A0}.Release|Any CPU.ActiveCfg = Release|Any CPU
		{24F51728-CF8F-44E2-AE66-E932A6C3A1A0}.Release|Any CPU.Build.0 = Release|Any CPU
		{B6B0D1E4-9EAC-4656-BC8A-FE517F1D8FEA}.Debug|Any CPU.ActiveCfg = Debug|Any CPU
		{B6B0D1E4-9EAC-4656-BC8A-FE517F1D8FEA}.Debug|Any CPU.Build.0 = Debug|Any CPU
		{B6B0D1E4-9EAC-4656-BC8A-FE517F1D8FEA}.Release|Any CPU.ActiveCfg = Release|Any CPU
		{B6B0D1E4-9EAC-4656-BC8A-FE517F1D8FEA}.Release|Any CPU.Build.0 = Release|Any CPU
		{93F3EDAE-4D3C-4358-97F6-869C4EDA549F}.Debug|Any CPU.ActiveCfg = Debug|Any CPU
		{93F3EDAE-4D3C-4358-97F6-869C4EDA549F}.Debug|Any CPU.Build.0 = Debug|Any CPU
		{93F3EDAE-4D3C-4358-97F6-869C4EDA549F}.Release|Any CPU.ActiveCfg = Release|Any CPU
		{93F3EDAE-4D3C-4358-97F6-869C4EDA549F}.Release|Any CPU.Build.0 = Release|Any CPU
		{2376B169-4E82-463C-8EF3-3EE4AF7E195C}.Debug|Any CPU.ActiveCfg = Debug|Any CPU
		{2376B169-4E82-463C-8EF3-3EE4AF7E195C}.Debug|Any CPU.Build.0 = Debug|Any CPU
		{2376B169-4E82-463C-8EF3-3EE4AF7E195C}.Release|Any CPU.ActiveCfg = Release|Any CPU
		{2376B169-4E82-463C-8EF3-3EE4AF7E195C}.Release|Any CPU.Build.0 = Release|Any CPU
		{222677DF-CAD3-4E03-A1A1-C213DFD0DAA0}.Debug|Any CPU.ActiveCfg = Debug|Any CPU
		{222677DF-CAD3-4E03-A1A1-C213DFD0DAA0}.Debug|Any CPU.Build.0 = Debug|Any CPU
		{222677DF-CAD3-4E03-A1A1-C213DFD0DAA0}.Release|Any CPU.ActiveCfg = Release|Any CPU
		{222677DF-CAD3-4E03-A1A1-C213DFD0DAA0}.Release|Any CPU.Build.0 = Release|Any CPU
		{4A1F269F-574D-4FBC-8EFD-63D8CF871704}.Debug|Any CPU.ActiveCfg = Debug|Any CPU
		{4A1F269F-574D-4FBC-8EFD-63D8CF871704}.Debug|Any CPU.Build.0 = Debug|Any CPU
		{4A1F269F-574D-4FBC-8EFD-63D8CF871704}.Release|Any CPU.ActiveCfg = Release|Any CPU
		{4A1F269F-574D-4FBC-8EFD-63D8CF871704}.Release|Any CPU.Build.0 = Release|Any CPU
		{EAC95500-CDE1-4AD4-9F69-F07CFDB4B60C}.Debug|Any CPU.ActiveCfg = Debug|Any CPU
		{EAC95500-CDE1-4AD4-9F69-F07CFDB4B60C}.Debug|Any CPU.Build.0 = Debug|Any CPU
		{EAC95500-CDE1-4AD4-9F69-F07CFDB4B60C}.Release|Any CPU.ActiveCfg = Release|Any CPU
		{EAC95500-CDE1-4AD4-9F69-F07CFDB4B60C}.Release|Any CPU.Build.0 = Release|Any CPU
		{8E7C7233-DF2C-4319-8BA2-5B32B14C91A2}.Debug|Any CPU.ActiveCfg = Debug|Any CPU
		{8E7C7233-DF2C-4319-8BA2-5B32B14C91A2}.Debug|Any CPU.Build.0 = Debug|Any CPU
		{8E7C7233-DF2C-4319-8BA2-5B32B14C91A2}.Release|Any CPU.ActiveCfg = Release|Any CPU
		{8E7C7233-DF2C-4319-8BA2-5B32B14C91A2}.Release|Any CPU.Build.0 = Release|Any CPU
		{1DE23C20-0E31-4953-A679-5BA58A8040D0}.Debug|Any CPU.ActiveCfg = Debug|Any CPU
		{1DE23C20-0E31-4953-A679-5BA58A8040D0}.Debug|Any CPU.Build.0 = Debug|Any CPU
		{1DE23C20-0E31-4953-A679-5BA58A8040D0}.Release|Any CPU.ActiveCfg = Release|Any CPU
		{1DE23C20-0E31-4953-A679-5BA58A8040D0}.Release|Any CPU.Build.0 = Release|Any CPU
		{C3C2C269-E745-433A-8425-845B4D5EEF07}.Debug|Any CPU.ActiveCfg = Debug|Any CPU
		{C3C2C269-E745-433A-8425-845B4D5EEF07}.Debug|Any CPU.Build.0 = Debug|Any CPU
		{C3C2C269-E745-433A-8425-845B4D5EEF07}.Release|Any CPU.ActiveCfg = Release|Any CPU
		{C3C2C269-E745-433A-8425-845B4D5EEF07}.Release|Any CPU.Build.0 = Release|Any CPU
		{2845B5C5-E155-451F-860C-0FD28B7399EF}.Debug|Any CPU.ActiveCfg = Debug|Any CPU
		{2845B5C5-E155-451F-860C-0FD28B7399EF}.Debug|Any CPU.Build.0 = Debug|Any CPU
		{2845B5C5-E155-451F-860C-0FD28B7399EF}.Release|Any CPU.ActiveCfg = Release|Any CPU
		{2845B5C5-E155-451F-860C-0FD28B7399EF}.Release|Any CPU.Build.0 = Release|Any CPU
		{1E08E50A-557B-4D12-86C5-AD83AE714564}.Debug|Any CPU.ActiveCfg = Debug|Any CPU
		{1E08E50A-557B-4D12-86C5-AD83AE714564}.Debug|Any CPU.Build.0 = Debug|Any CPU
		{1E08E50A-557B-4D12-86C5-AD83AE714564}.Release|Any CPU.ActiveCfg = Release|Any CPU
		{1E08E50A-557B-4D12-86C5-AD83AE714564}.Release|Any CPU.Build.0 = Release|Any CPU
	EndGlobalSection
	GlobalSection(SolutionProperties) = preSolution
		HideSolutionNode = FALSE
	EndGlobalSection
	GlobalSection(NestedProjects) = preSolution
		{D0216F81-E01D-4620-BE4F-D1FF0D28CA01} = {80B088DC-C84B-46AA-BFF3-DC309C5B4325}
		{66B0DDDA-624B-4BF3-A4C7-CAEBC3E3DA62} = {D1297442-67BE-4098-A95F-727F04A68FA3}
		{FDE7E8B7-3735-42D6-BF0E-B4FB1BF0FA86} = {946306F4-A7A7-40C5-A4EA-D32A46E09328}
		{57F488D4-7A41-4A7F-ABEF-4B1437B5B5A6} = {FDE7E8B7-3735-42D6-BF0E-B4FB1BF0FA86}
		{222677DF-CAD3-4E03-A1A1-C213DFD0DAA0} = {80B088DC-C84B-46AA-BFF3-DC309C5B4325}
		{522242E2-FC59-49E9-9628-6E9B6AEEAF6F} = {946306F4-A7A7-40C5-A4EA-D32A46E09328}
		{15C6083C-777D-42C6-A1A7-5F4008345118} = {946306F4-A7A7-40C5-A4EA-D32A46E09328}
		{10F3A928-8DEB-4366-AAC4-F508D3E67C11} = {946306F4-A7A7-40C5-A4EA-D32A46E09328}
		{8E7C7233-DF2C-4319-8BA2-5B32B14C91A2} = {90876D49-395F-40FE-86C6-08DCCF9DBEBC}
		{1DE23C20-0E31-4953-A679-5BA58A8040D0} = {90876D49-395F-40FE-86C6-08DCCF9DBEBC}
		{C3C2C269-E745-433A-8425-845B4D5EEF07} = {90876D49-395F-40FE-86C6-08DCCF9DBEBC}
		{2845B5C5-E155-451F-860C-0FD28B7399EF} = {80B088DC-C84B-46AA-BFF3-DC309C5B4325}
		{1E08E50A-557B-4D12-86C5-AD83AE714564} = {A04653BD-4B5A-4172-B728-EA2DACB19B88}
	EndGlobalSection
	GlobalSection(ExtensibilityGlobals) = postSolution
		SolutionGuid = {FB1CB19A-BE8B-4F91-9186-FE7C9F3CE4D7}
	EndGlobalSection
EndGlobal
