Microsoft Visual Studio Solution File, Format Version 12.00
# Visual Studio Version 17
VisualStudioVersion = 17.8.0.0
MinimumVisualStudioVersion = 17.8.0.0
Project("{9A19103F-16F7-4668-BE54-9A1E7A4F7556}") = "Demoulas.ProfitSharing.AppHost", "src\Demoulas.ProfitSharing.AppHost\Demoulas.ProfitSharing.AppHost.csproj", "{92A3B192-25F3-40C4-94BD-A13779CF0B81}"
EndProject
Project("{9A19103F-16F7-4668-BE54-9A1E7A4F7556}") = "Demoulas.ProfitSharing.ServiceDefaults", "src\Demoulas.ProfitSharing.ServiceDefaults\Demoulas.ProfitSharing.ServiceDefaults.csproj", "{7F0906C7-ED3E-4A74-AC9C-EE2B6F17F1DD}"
EndProject
Project("{2150E333-8FDC-42A3-9474-1A3956D46DE8}") = "Solution Items", "Solution Items", "{D1297442-67BE-4098-A95F-727F04A68FA3}"
	ProjectSection(SolutionItems) = preProject
		Directory.Build.props = Directory.Build.props
		Directory.Packages.props = Directory.Packages.props
	EndProjectSection
EndProject
Project("{9A19103F-16F7-4668-BE54-9A1E7A4F7556}") = "Demoulas.ProfitSharing.Api", "src\Demoulas.ProfitSharing.Api\Demoulas.ProfitSharing.Api.csproj", "{D441104E-515B-43CB-A851-AF47008C6E77}"
EndProject
Project("{9A19103F-16F7-4668-BE54-9A1E7A4F7556}") = "Demoulas.ProfitSharing.Endpoints", "Demoulas.ProfitSharing.Endpoints\Demoulas.ProfitSharing.Endpoints.csproj", "{376A7BC4-D5E7-4353-ACDE-E245897095C4}"
EndProject
Project("{9A19103F-16F7-4668-BE54-9A1E7A4F7556}") = "Demoulas.Common.Data.Contexts", "..\..\..\demoulas.common\src\Demoulas.Common.Data.Contexts\Demoulas.Common.Data.Contexts.csproj", "{9F3E58E7-1EBF-44F3-A8E0-72405CC61DBF}"
EndProject
Project("{FAE04EC0-301F-11D3-BF4B-00C04F79EFBC}") = "Demoulas.ProfitSharing.Data", "Demoulas.ProfitSharing.Data\Demoulas.ProfitSharing.Data.csproj", "{F9FECC1D-427B-44D7-BA11-1ED0E752F2CB}"
EndProject
Global
	GlobalSection(SolutionConfigurationPlatforms) = preSolution
		Debug|Any CPU = Debug|Any CPU
		Release|Any CPU = Release|Any CPU
	EndGlobalSection
	GlobalSection(ProjectConfigurationPlatforms) = postSolution
		{92A3B192-25F3-40C4-94BD-A13779CF0B81}.Debug|Any CPU.ActiveCfg = Debug|Any CPU
		{92A3B192-25F3-40C4-94BD-A13779CF0B81}.Debug|Any CPU.Build.0 = Debug|Any CPU
		{92A3B192-25F3-40C4-94BD-A13779CF0B81}.Release|Any CPU.ActiveCfg = Release|Any CPU
		{92A3B192-25F3-40C4-94BD-A13779CF0B81}.Release|Any CPU.Build.0 = Release|Any CPU
		{7F0906C7-ED3E-4A74-AC9C-EE2B6F17F1DD}.Debug|Any CPU.ActiveCfg = Debug|Any CPU
		{7F0906C7-ED3E-4A74-AC9C-EE2B6F17F1DD}.Debug|Any CPU.Build.0 = Debug|Any CPU
		{7F0906C7-ED3E-4A74-AC9C-EE2B6F17F1DD}.Release|Any CPU.ActiveCfg = Release|Any CPU
		{7F0906C7-ED3E-4A74-AC9C-EE2B6F17F1DD}.Release|Any CPU.Build.0 = Release|Any CPU
		{D441104E-515B-43CB-A851-AF47008C6E77}.Debug|Any CPU.ActiveCfg = Debug|Any CPU
		{D441104E-515B-43CB-A851-AF47008C6E77}.Debug|Any CPU.Build.0 = Debug|Any CPU
		{D441104E-515B-43CB-A851-AF47008C6E77}.Release|Any CPU.ActiveCfg = Release|Any CPU
		{D441104E-515B-43CB-A851-AF47008C6E77}.Release|Any CPU.Build.0 = Release|Any CPU
		{376A7BC4-D5E7-4353-ACDE-E245897095C4}.Debug|Any CPU.ActiveCfg = Debug|Any CPU
		{376A7BC4-D5E7-4353-ACDE-E245897095C4}.Debug|Any CPU.Build.0 = Debug|Any CPU
		{376A7BC4-D5E7-4353-ACDE-E245897095C4}.Release|Any CPU.ActiveCfg = Release|Any CPU
		{376A7BC4-D5E7-4353-ACDE-E245897095C4}.Release|Any CPU.Build.0 = Release|Any CPU
		{9F3E58E7-1EBF-44F3-A8E0-72405CC61DBF}.Debug|Any CPU.ActiveCfg = Debug|Any CPU
		{9F3E58E7-1EBF-44F3-A8E0-72405CC61DBF}.Debug|Any CPU.Build.0 = Debug|Any CPU
		{9F3E58E7-1EBF-44F3-A8E0-72405CC61DBF}.Release|Any CPU.ActiveCfg = Release|Any CPU
		{9F3E58E7-1EBF-44F3-A8E0-72405CC61DBF}.Release|Any CPU.Build.0 = Release|Any CPU
		{F9FECC1D-427B-44D7-BA11-1ED0E752F2CB}.Debug|Any CPU.ActiveCfg = Debug|Any CPU
		{F9FECC1D-427B-44D7-BA11-1ED0E752F2CB}.Debug|Any CPU.Build.0 = Debug|Any CPU
		{F9FECC1D-427B-44D7-BA11-1ED0E752F2CB}.Release|Any CPU.ActiveCfg = Release|Any CPU
		{F9FECC1D-427B-44D7-BA11-1ED0E752F2CB}.Release|Any CPU.Build.0 = Release|Any CPU
	EndGlobalSection
	GlobalSection(SolutionProperties) = preSolution
		HideSolutionNode = FALSE
	EndGlobalSection
	GlobalSection(ExtensibilityGlobals) = postSolution
		SolutionGuid = {FB1CB19A-BE8B-4F91-9186-FE7C9F3CE4D7}
	EndGlobalSection
EndGlobal
